// !$*UTF8*$!
{
	archiveVersion = 1;
	classes = {
	};
	objectVersion = 56;
	objects = {

/* Begin PBXBuildFile section */
		EA2089DE2C97668600EA734E /* textChatCell.xib in Resources */ = {isa = PBXBuildFile; fileRef = EA2089DD2C97668600EA734E /* textChatCell.xib */; };
		EA2089DF2C97668600EA734E /* textChatCell.swift in Sources */ = {isa = PBXBuildFile; fileRef = EA2089DC2C97668600EA734E /* textChatCell.swift */; };
		EA2089E12C97694A00EA734E /* View.swift in Sources */ = {isa = PBXBuildFile; fileRef = EA2089E02C97694A00EA734E /* View.swift */; };
		EA2089E42C976B5900EA734E /* senderTextChatCell.xib in Resources */ = {isa = PBXBuildFile; fileRef = EA2089E32C976B5900EA734E /* senderTextChatCell.xib */; };
		EA2089E52C976B5900EA734E /* senderTextChatCell.swift in Sources */ = {isa = PBXBuildFile; fileRef = EA2089E22C976B5900EA734E /* senderTextChatCell.swift */; };
		EAE1EDBA2C97421700B5EFCA /* ChatVC.swift in Sources */ = {isa = PBXBuildFile; fileRef = EAE1EDB92C97421700B5EFCA /* ChatVC.swift */; };
		EAE416EB2C971E1800220993 /* AppDelegate.swift in Sources */ = {isa = PBXBuildFile; fileRef = EAE416EA2C971E1800220993 /* AppDelegate.swift */; };
		EAE416ED2C971E1800220993 /* SceneDelegate.swift in Sources */ = {isa = PBXBuildFile; fileRef = EAE416EC2C971E1800220993 /* SceneDelegate.swift */; };
		EAE416EF2C971E1800220993 /* ViewController.swift in Sources */ = {isa = PBXBuildFile; fileRef = EAE416EE2C971E1800220993 /* ViewController.swift */; };
		EAE416F22C971E1800220993 /* Base in Resources */ = {isa = PBXBuildFile; fileRef = EAE416F12C971E1800220993 /* Base */; };
		EAE416F42C971E1900220993 /* Assets.xcassets in Resources */ = {isa = PBXBuildFile; fileRef = EAE416F32C971E1900220993 /* Assets.xcassets */; };
		EAE416F72C971E1900220993 /* Base in Resources */ = {isa = PBXBuildFile; fileRef = EAE416F62C971E1900220993 /* Base */; };
		EAE417192C97239B00220993 /* profileView.xib in Resources */ = {isa = PBXBuildFile; fileRef = EAE417182C97239B00220993 /* profileView.xib */; };
		EAE4171B2C9723C100220993 /* profileView.swift in Sources */ = {isa = PBXBuildFile; fileRef = EAE4171A2C9723C100220993 /* profileView.swift */; };
		EAE4171D2C97380F00220993 /* networkImage.swift in Sources */ = {isa = PBXBuildFile; fileRef = EAE4171C2C97380F00220993 /* networkImage.swift */; };
		EAE417202C97399300220993 /* SDWebImage in Frameworks */ = {isa = PBXBuildFile; productRef = EAE4171F2C97399300220993 /* SDWebImage */; };
		EAE417222C97399300220993 /* SDWebImageMapKit in Frameworks */ = {isa = PBXBuildFile; productRef = EAE417212C97399300220993 /* SDWebImageMapKit */; };
		EAE417252C973D4B00220993 /* ConnectionListVC.swift in Sources */ = {isa = PBXBuildFile; fileRef = EAE417242C973D4B00220993 /* ConnectionListVC.swift */; };
		EAE417282C973EE600220993 /* connectionListCell.swift in Sources */ = {isa = PBXBuildFile; fileRef = EAE417262C973EE600220993 /* connectionListCell.swift */; };
		EAE417292C973EE600220993 /* connectionListCell.xib in Resources */ = {isa = PBXBuildFile; fileRef = EAE417272C973EE600220993 /* connectionListCell.xib */; };
/* End PBXBuildFile section */

/* Begin PBXFileReference section */
		EA2089DC2C97668600EA734E /* textChatCell.swift */ = {isa = PBXFileReference; lastKnownFileType = sourcecode.swift; path = textChatCell.swift; sourceTree = "<group>"; };
		EA2089DD2C97668600EA734E /* textChatCell.xib */ = {isa = PBXFileReference; lastKnownFileType = file.xib; path = textChatCell.xib; sourceTree = "<group>"; };
		EA2089E02C97694A00EA734E /* View.swift */ = {isa = PBXFileReference; lastKnownFileType = sourcecode.swift; path = View.swift; sourceTree = "<group>"; };
		EA2089E22C976B5900EA734E /* senderTextChatCell.swift */ = {isa = PBXFileReference; lastKnownFileType = sourcecode.swift; path = senderTextChatCell.swift; sourceTree = "<group>"; };
		EA2089E32C976B5900EA734E /* senderTextChatCell.xib */ = {isa = PBXFileReference; lastKnownFileType = file.xib; path = senderTextChatCell.xib; sourceTree = "<group>"; };
		EAE1EDB92C97421700B5EFCA /* ChatVC.swift */ = {isa = PBXFileReference; lastKnownFileType = sourcecode.swift; path = ChatVC.swift; sourceTree = "<group>"; };
		EAE416E72C971E1800220993 /* Sacrena-Task.app */ = {isa = PBXFileReference; explicitFileType = wrapper.application; includeInIndex = 0; path = "Sacrena-Task.app"; sourceTree = BUILT_PRODUCTS_DIR; };
		EAE416EA2C971E1800220993 /* AppDelegate.swift */ = {isa = PBXFileReference; lastKnownFileType = sourcecode.swift; path = AppDelegate.swift; sourceTree = "<group>"; };
		EAE416EC2C971E1800220993 /* SceneDelegate.swift */ = {isa = PBXFileReference; lastKnownFileType = sourcecode.swift; path = SceneDelegate.swift; sourceTree = "<group>"; };
		EAE416EE2C971E1800220993 /* ViewController.swift */ = {isa = PBXFileReference; lastKnownFileType = sourcecode.swift; path = ViewController.swift; sourceTree = "<group>"; };
		EAE416F12C971E1800220993 /* Base */ = {isa = PBXFileReference; lastKnownFileType = file.storyboard; name = Base; path = Base.lproj/Main.storyboard; sourceTree = "<group>"; };
		EAE416F32C971E1900220993 /* Assets.xcassets */ = {isa = PBXFileReference; lastKnownFileType = folder.assetcatalog; path = Assets.xcassets; sourceTree = "<group>"; };
		EAE416F62C971E1900220993 /* Base */ = {isa = PBXFileReference; lastKnownFileType = file.storyboard; name = Base; path = Base.lproj/LaunchScreen.storyboard; sourceTree = "<group>"; };
		EAE416F82C971E1900220993 /* Info.plist */ = {isa = PBXFileReference; lastKnownFileType = text.plist.xml; path = Info.plist; sourceTree = "<group>"; };
		EAE417182C97239B00220993 /* profileView.xib */ = {isa = PBXFileReference; lastKnownFileType = file.xib; path = profileView.xib; sourceTree = "<group>"; };
		EAE4171A2C9723C100220993 /* profileView.swift */ = {isa = PBXFileReference; lastKnownFileType = sourcecode.swift; path = profileView.swift; sourceTree = "<group>"; };
		EAE4171C2C97380F00220993 /* networkImage.swift */ = {isa = PBXFileReference; lastKnownFileType = sourcecode.swift; path = networkImage.swift; sourceTree = "<group>"; };
		EAE417242C973D4B00220993 /* ConnectionListVC.swift */ = {isa = PBXFileReference; lastKnownFileType = sourcecode.swift; path = ConnectionListVC.swift; sourceTree = "<group>"; };
		EAE417262C973EE600220993 /* connectionListCell.swift */ = {isa = PBXFileReference; lastKnownFileType = sourcecode.swift; path = connectionListCell.swift; sourceTree = "<group>"; };
		EAE417272C973EE600220993 /* connectionListCell.xib */ = {isa = PBXFileReference; lastKnownFileType = file.xib; path = connectionListCell.xib; sourceTree = "<group>"; };
/* End PBXFileReference section */

/* Begin PBXFrameworksBuildPhase section */
		EAE416E42C971E1800220993 /* Frameworks */ = {
			isa = PBXFrameworksBuildPhase;
			buildActionMask = 2147483647;
			files = (
				EAE417222C97399300220993 /* SDWebImageMapKit in Frameworks */,
				EAE417202C97399300220993 /* SDWebImage in Frameworks */,
			);
			runOnlyForDeploymentPostprocessing = 0;
		};
/* End PBXFrameworksBuildPhase section */

/* Begin PBXGroup section */
		EAE1EDBB2C97427F00B5EFCA /* Extensions */ = {
			isa = PBXGroup;
			children = (
				EA2089E02C97694A00EA734E /* View.swift */,
			);
			path = Extensions;
			sourceTree = "<group>";
		};
		EAE416DE2C971E1800220993 = {
			isa = PBXGroup;
			children = (
				EAE416E92C971E1800220993 /* Sacrena-Task */,
				EAE416E82C971E1800220993 /* Products */,
			);
			sourceTree = "<group>";
		};
		EAE416E82C971E1800220993 /* Products */ = {
			isa = PBXGroup;
			children = (
				EAE416E72C971E1800220993 /* Sacrena-Task.app */,
			);
			name = Products;
			sourceTree = "<group>";
		};
		EAE416E92C971E1800220993 /* Sacrena-Task */ = {
			isa = PBXGroup;
			children = (
				EAE417072C971F1000220993 /* Utils */,
				EAE417032C971EC900220993 /* Chat */,
				EAE416EA2C971E1800220993 /* AppDelegate.swift */,
				EAE416EC2C971E1800220993 /* SceneDelegate.swift */,
				EAE416EE2C971E1800220993 /* ViewController.swift */,
				EAE416F02C971E1800220993 /* Main.storyboard */,
				EAE416F32C971E1900220993 /* Assets.xcassets */,
				EAE416F52C971E1900220993 /* LaunchScreen.storyboard */,
				EAE416F82C971E1900220993 /* Info.plist */,
			);
			path = "Sacrena-Task";
			sourceTree = "<group>";
		};
		EAE417032C971EC900220993 /* Chat */ = {
			isa = PBXGroup;
			children = (
				EAE417232C973D2100220993 /* VC */,
				EAE417042C971ED700220993 /* Model */,
				EAE417052C971EDD00220993 /* View */,
				EAE417062C971EE300220993 /* ViewModel */,
			);
			path = Chat;
			sourceTree = "<group>";
		};
		EAE417042C971ED700220993 /* Model */ = {
			isa = PBXGroup;
			children = (
			);
			path = Model;
			sourceTree = "<group>";
		};
		EAE417052C971EDD00220993 /* View */ = {
			isa = PBXGroup;
			children = (
				EAE417172C97237E00220993 /* xibs */,
			);
			path = View;
			sourceTree = "<group>";
		};
		EAE417062C971EE300220993 /* ViewModel */ = {
			isa = PBXGroup;
			children = (
			);
			path = ViewModel;
			sourceTree = "<group>";
		};
		EAE417072C971F1000220993 /* Utils */ = {
			isa = PBXGroup;
			children = (
				EAE1EDBB2C97427F00B5EFCA /* Extensions */,
				EAE4171C2C97380F00220993 /* networkImage.swift */,
			);
			path = Utils;
			sourceTree = "<group>";
		};
		EAE417172C97237E00220993 /* xibs */ = {
			isa = PBXGroup;
			children = (
				EAE417182C97239B00220993 /* profileView.xib */,
				EAE4171A2C9723C100220993 /* profileView.swift */,
				EAE417262C973EE600220993 /* connectionListCell.swift */,
				EAE417272C973EE600220993 /* connectionListCell.xib */,
				EA2089DC2C97668600EA734E /* textChatCell.swift */,
				EA2089DD2C97668600EA734E /* textChatCell.xib */,
				EA2089E22C976B5900EA734E /* senderTextChatCell.swift */,
				EA2089E32C976B5900EA734E /* senderTextChatCell.xib */,
			);
			path = xibs;
			sourceTree = "<group>";
		};
		EAE417232C973D2100220993 /* VC */ = {
			isa = PBXGroup;
			children = (
				EAE417242C973D4B00220993 /* ConnectionListVC.swift */,
				EAE1EDB92C97421700B5EFCA /* ChatVC.swift */,
			);
			path = VC;
			sourceTree = "<group>";
		};
/* End PBXGroup section */

/* Begin PBXNativeTarget section */
		EAE416E62C971E1800220993 /* Sacrena-Task */ = {
			isa = PBXNativeTarget;
			buildConfigurationList = EAE416FB2C971E1900220993 /* Build configuration list for PBXNativeTarget "Sacrena-Task" */;
			buildPhases = (
				EAE416E32C971E1800220993 /* Sources */,
				EAE416E42C971E1800220993 /* Frameworks */,
				EAE416E52C971E1800220993 /* Resources */,
			);
			buildRules = (
			);
			dependencies = (
			);
			name = "Sacrena-Task";
			packageProductDependencies = (
				EAE4171F2C97399300220993 /* SDWebImage */,
				EAE417212C97399300220993 /* SDWebImageMapKit */,
			);
			productName = "Sacrena-Task";
			productReference = EAE416E72C971E1800220993 /* Sacrena-Task.app */;
			productType = "com.apple.product-type.application";
		};
/* End PBXNativeTarget section */

/* Begin PBXProject section */
		EAE416DF2C971E1800220993 /* Project object */ = {
			isa = PBXProject;
			attributes = {
				BuildIndependentTargetsInParallel = 1;
				LastSwiftUpdateCheck = 1540;
				LastUpgradeCheck = 1540;
				TargetAttributes = {
					EAE416E62C971E1800220993 = {
						CreatedOnToolsVersion = 15.4;
					};
				};
			};
			buildConfigurationList = EAE416E22C971E1800220993 /* Build configuration list for PBXProject "Sacrena-Task" */;
			compatibilityVersion = "Xcode 14.0";
			developmentRegion = en;
			hasScannedForEncodings = 0;
			knownRegions = (
				en,
				Base,
			);
			mainGroup = EAE416DE2C971E1800220993;
			packageReferences = (
				EAE4171E2C97399300220993 /* XCRemoteSwiftPackageReference "SDWebImage" */,
			);
			productRefGroup = EAE416E82C971E1800220993 /* Products */;
			projectDirPath = "";
			projectRoot = "";
			targets = (
				EAE416E62C971E1800220993 /* Sacrena-Task */,
			);
		};
/* End PBXProject section */

/* Begin PBXResourcesBuildPhase section */
		EAE416E52C971E1800220993 /* Resources */ = {
			isa = PBXResourcesBuildPhase;
			buildActionMask = 2147483647;
			files = (
				EA2089E42C976B5900EA734E /* senderTextChatCell.xib in Resources */,
				EAE417292C973EE600220993 /* connectionListCell.xib in Resources */,
				EAE417192C97239B00220993 /* profileView.xib in Resources */,
				EAE416F42C971E1900220993 /* Assets.xcassets in Resources */,
				EAE416F72C971E1900220993 /* Base in Resources */,
				EA2089DE2C97668600EA734E /* textChatCell.xib in Resources */,
				EAE416F22C971E1800220993 /* Base in Resources */,
			);
			runOnlyForDeploymentPostprocessing = 0;
		};
/* End PBXResourcesBuildPhase section */

/* Begin PBXSourcesBuildPhase section */
		EAE416E32C971E1800220993 /* Sources */ = {
			isa = PBXSourcesBuildPhase;
			buildActionMask = 2147483647;
			files = (
				EAE1EDBA2C97421700B5EFCA /* ChatVC.swift in Sources */,
				EAE417282C973EE600220993 /* connectionListCell.swift in Sources */,
				EA2089E12C97694A00EA734E /* View.swift in Sources */,
				EA2089DF2C97668600EA734E /* textChatCell.swift in Sources */,
				EAE4171B2C9723C100220993 /* profileView.swift in Sources */,
				EAE416EF2C971E1800220993 /* ViewController.swift in Sources */,
				EA2089E52C976B5900EA734E /* senderTextChatCell.swift in Sources */,
				EAE417252C973D4B00220993 /* ConnectionListVC.swift in Sources */,
				EAE416EB2C971E1800220993 /* AppDelegate.swift in Sources */,
				EAE4171D2C97380F00220993 /* networkImage.swift in Sources */,
				EAE416ED2C971E1800220993 /* SceneDelegate.swift in Sources */,
			);
			runOnlyForDeploymentPostprocessing = 0;
		};
/* End PBXSourcesBuildPhase section */

/* Begin PBXVariantGroup section */
		EAE416F02C971E1800220993 /* Main.storyboard */ = {
			isa = PBXVariantGroup;
			children = (
				EAE416F12C971E1800220993 /* Base */,
			);
			name = Main.storyboard;
			sourceTree = "<group>";
		};
		EAE416F52C971E1900220993 /* LaunchScreen.storyboard */ = {
			isa = PBXVariantGroup;
			children = (
				EAE416F62C971E1900220993 /* Base */,
			);
			name = LaunchScreen.storyboard;
			sourceTree = "<group>";
		};
/* End PBXVariantGroup section */

/* Begin XCBuildConfiguration section */
		EAE416F92C971E1900220993 /* Debug */ = {
			isa = XCBuildConfiguration;
			buildSettings = {
				ALWAYS_SEARCH_USER_PATHS = NO;
				ASSETCATALOG_COMPILER_GENERATE_SWIFT_ASSET_SYMBOL_EXTENSIONS = YES;
				CLANG_ANALYZER_NONNULL = YES;
				CLANG_ANALYZER_NUMBER_OBJECT_CONVERSION = YES_AGGRESSIVE;
				CLANG_CXX_LANGUAGE_STANDARD = "gnu++20";
				CLANG_ENABLE_MODULES = YES;
				CLANG_ENABLE_OBJC_ARC = YES;
				CLANG_ENABLE_OBJC_WEAK = YES;
				CLANG_WARN_BLOCK_CAPTURE_AUTORELEASING = YES;
				CLANG_WARN_BOOL_CONVERSION = YES;
				CLANG_WARN_COMMA = YES;
				CLANG_WARN_CONSTANT_CONVERSION = YES;
				CLANG_WARN_DEPRECATED_OBJC_IMPLEMENTATIONS = YES;
				CLANG_WARN_DIRECT_OBJC_ISA_USAGE = YES_ERROR;
				CLANG_WARN_DOCUMENTATION_COMMENTS = YES;
				CLANG_WARN_EMPTY_BODY = YES;
				CLANG_WARN_ENUM_CONVERSION = YES;
				CLANG_WARN_INFINITE_RECURSION = YES;
				CLANG_WARN_INT_CONVERSION = YES;
				CLANG_WARN_NON_LITERAL_NULL_CONVERSION = YES;
				CLANG_WARN_OBJC_IMPLICIT_RETAIN_SELF = YES;
				CLANG_WARN_OBJC_LITERAL_CONVERSION = YES;
				CLANG_WARN_OBJC_ROOT_CLASS = YES_ERROR;
				CLANG_WARN_QUOTED_INCLUDE_IN_FRAMEWORK_HEADER = YES;
				CLANG_WARN_RANGE_LOOP_ANALYSIS = YES;
				CLANG_WARN_STRICT_PROTOTYPES = YES;
				CLANG_WARN_SUSPICIOUS_MOVE = YES;
				CLANG_WARN_UNGUARDED_AVAILABILITY = YES_AGGRESSIVE;
				CLANG_WARN_UNREACHABLE_CODE = YES;
				CLANG_WARN__DUPLICATE_METHOD_MATCH = YES;
				COPY_PHASE_STRIP = NO;
				DEBUG_INFORMATION_FORMAT = dwarf;
				ENABLE_STRICT_OBJC_MSGSEND = YES;
				ENABLE_TESTABILITY = YES;
				ENABLE_USER_SCRIPT_SANDBOXING = YES;
				GCC_C_LANGUAGE_STANDARD = gnu17;
				GCC_DYNAMIC_NO_PIC = NO;
				GCC_NO_COMMON_BLOCKS = YES;
				GCC_OPTIMIZATION_LEVEL = 0;
				GCC_PREPROCESSOR_DEFINITIONS = (
					"DEBUG=1",
					"$(inherited)",
				);
				GCC_WARN_64_TO_32_BIT_CONVERSION = YES;
				GCC_WARN_ABOUT_RETURN_TYPE = YES_ERROR;
				GCC_WARN_UNDECLARED_SELECTOR = YES;
				GCC_WARN_UNINITIALIZED_AUTOS = YES_AGGRESSIVE;
				GCC_WARN_UNUSED_FUNCTION = YES;
				GCC_WARN_UNUSED_VARIABLE = YES;
				IPHONEOS_DEPLOYMENT_TARGET = 17.5;
				LOCALIZATION_PREFERS_STRING_CATALOGS = YES;
				MTL_ENABLE_DEBUG_INFO = INCLUDE_SOURCE;
				MTL_FAST_MATH = YES;
				ONLY_ACTIVE_ARCH = YES;
				SDKROOT = iphoneos;
				SWIFT_ACTIVE_COMPILATION_CONDITIONS = "DEBUG $(inherited)";
				SWIFT_OPTIMIZATION_LEVEL = "-Onone";
			};
			name = Debug;
		};
		EAE416FA2C971E1900220993 /* Release */ = {
			isa = XCBuildConfiguration;
			buildSettings = {
				ALWAYS_SEARCH_USER_PATHS = NO;
				ASSETCATALOG_COMPILER_GENERATE_SWIFT_ASSET_SYMBOL_EXTENSIONS = YES;
				CLANG_ANALYZER_NONNULL = YES;
				CLANG_ANALYZER_NUMBER_OBJECT_CONVERSION = YES_AGGRESSIVE;
				CLANG_CXX_LANGUAGE_STANDARD = "gnu++20";
				CLANG_ENABLE_MODULES = YES;
				CLANG_ENABLE_OBJC_ARC = YES;
				CLANG_ENABLE_OBJC_WEAK = YES;
				CLANG_WARN_BLOCK_CAPTURE_AUTORELEASING = YES;
				CLANG_WARN_BOOL_CONVERSION = YES;
				CLANG_WARN_COMMA = YES;
				CLANG_WARN_CONSTANT_CONVERSION = YES;
				CLANG_WARN_DEPRECATED_OBJC_IMPLEMENTATIONS = YES;
				CLANG_WARN_DIRECT_OBJC_ISA_USAGE = YES_ERROR;
				CLANG_WARN_DOCUMENTATION_COMMENTS = YES;
				CLANG_WARN_EMPTY_BODY = YES;
				CLANG_WARN_ENUM_CONVERSION = YES;
				CLANG_WARN_INFINITE_RECURSION = YES;
				CLANG_WARN_INT_CONVERSION = YES;
				CLANG_WARN_NON_LITERAL_NULL_CONVERSION = YES;
				CLANG_WARN_OBJC_IMPLICIT_RETAIN_SELF = YES;
				CLANG_WARN_OBJC_LITERAL_CONVERSION = YES;
				CLANG_WARN_OBJC_ROOT_CLASS = YES_ERROR;
				CLANG_WARN_QUOTED_INCLUDE_IN_FRAMEWORK_HEADER = YES;
				CLANG_WARN_RANGE_LOOP_ANALYSIS = YES;
				CLANG_WARN_STRICT_PROTOTYPES = YES;
				CLANG_WARN_SUSPICIOUS_MOVE = YES;
				CLANG_WARN_UNGUARDED_AVAILABILITY = YES_AGGRESSIVE;
				CLANG_WARN_UNREACHABLE_CODE = YES;
				CLANG_WARN__DUPLICATE_METHOD_MATCH = YES;
				COPY_PHASE_STRIP = NO;
				DEBUG_INFORMATION_FORMAT = "dwarf-with-dsym";
				ENABLE_NS_ASSERTIONS = NO;
				ENABLE_STRICT_OBJC_MSGSEND = YES;
				ENABLE_USER_SCRIPT_SANDBOXING = YES;
				GCC_C_LANGUAGE_STANDARD = gnu17;
				GCC_NO_COMMON_BLOCKS = YES;
				GCC_WARN_64_TO_32_BIT_CONVERSION = YES;
				GCC_WARN_ABOUT_RETURN_TYPE = YES_ERROR;
				GCC_WARN_UNDECLARED_SELECTOR = YES;
				GCC_WARN_UNINITIALIZED_AUTOS = YES_AGGRESSIVE;
				GCC_WARN_UNUSED_FUNCTION = YES;
				GCC_WARN_UNUSED_VARIABLE = YES;
				IPHONEOS_DEPLOYMENT_TARGET = 17.5;
				LOCALIZATION_PREFERS_STRING_CATALOGS = YES;
				MTL_ENABLE_DEBUG_INFO = NO;
				MTL_FAST_MATH = YES;
				SDKROOT = iphoneos;
				SWIFT_COMPILATION_MODE = wholemodule;
				VALIDATE_PRODUCT = YES;
			};
			name = Release;
		};
		EAE416FC2C971E1900220993 /* Debug */ = {
			isa = XCBuildConfiguration;
			buildSettings = {
				ASSETCATALOG_COMPILER_APPICON_NAME = AppIcon;
				ASSETCATALOG_COMPILER_GLOBAL_ACCENT_COLOR_NAME = AccentColor;
				CODE_SIGN_STYLE = Automatic;
				CURRENT_PROJECT_VERSION = 1;
				GENERATE_INFOPLIST_FILE = YES;
				INFOPLIST_FILE = "Sacrena-Task/Info.plist";
				INFOPLIST_KEY_UIApplicationSupportsIndirectInputEvents = YES;
				INFOPLIST_KEY_UILaunchStoryboardName = LaunchScreen;
				INFOPLIST_KEY_UIMainStoryboardFile = Main;
				INFOPLIST_KEY_UISupportedInterfaceOrientations = UIInterfaceOrientationPortrait;
				INFOPLIST_KEY_UISupportedInterfaceOrientations_iPad = "UIInterfaceOrientationLandscapeLeft UIInterfaceOrientationLandscapeRight UIInterfaceOrientationPortrait UIInterfaceOrientationPortraitUpsideDown";
				INFOPLIST_KEY_UIUserInterfaceStyle = Light;
				IPHONEOS_DEPLOYMENT_TARGET = 16.0;
				LD_RUNPATH_SEARCH_PATHS = (
					"$(inherited)",
					"@executable_path/Frameworks",
				);
				MARKETING_VERSION = 1.0;
				PRODUCT_BUNDLE_IDENTIFIER = "com.sacrena-task.com";
				PRODUCT_NAME = "$(TARGET_NAME)";
				SUPPORTED_PLATFORMS = "iphoneos iphonesimulator";
				SUPPORTS_MACCATALYST = NO;
				SUPPORTS_MAC_DESIGNED_FOR_IPHONE_IPAD = NO;
				SUPPORTS_XR_DESIGNED_FOR_IPHONE_IPAD = NO;
				SWIFT_EMIT_LOC_STRINGS = YES;
				SWIFT_VERSION = 5.0;
				TARGETED_DEVICE_FAMILY = 1;
			};
			name = Debug;
		};
		EAE416FD2C971E1900220993 /* Release */ = {
			isa = XCBuildConfiguration;
			buildSettings = {
				ASSETCATALOG_COMPILER_APPICON_NAME = AppIcon;
				ASSETCATALOG_COMPILER_GLOBAL_ACCENT_COLOR_NAME = AccentColor;
				CODE_SIGN_STYLE = Automatic;
				CURRENT_PROJECT_VERSION = 1;
				GENERATE_INFOPLIST_FILE = YES;
				INFOPLIST_FILE = "Sacrena-Task/Info.plist";
				INFOPLIST_KEY_UIApplicationSupportsIndirectInputEvents = YES;
				INFOPLIST_KEY_UILaunchStoryboardName = LaunchScreen;
				INFOPLIST_KEY_UIMainStoryboardFile = Main;
				INFOPLIST_KEY_UISupportedInterfaceOrientations = UIInterfaceOrientationPortrait;
				INFOPLIST_KEY_UISupportedInterfaceOrientations_iPad = "UIInterfaceOrientationLandscapeLeft UIInterfaceOrientationLandscapeRight UIInterfaceOrientationPortrait UIInterfaceOrientationPortraitUpsideDown";
				INFOPLIST_KEY_UIUserInterfaceStyle = Light;
				IPHONEOS_DEPLOYMENT_TARGET = 16.0;
				LD_RUNPATH_SEARCH_PATHS = (
					"$(inherited)",
					"@executable_path/Frameworks",
				);
				MARKETING_VERSION = 1.0;
				PRODUCT_BUNDLE_IDENTIFIER = "com.sacrena-task.com";
				PRODUCT_NAME = "$(TARGET_NAME)";
				SUPPORTED_PLATFORMS = "iphoneos iphonesimulator";
				SUPPORTS_MACCATALYST = NO;
				SUPPORTS_MAC_DESIGNED_FOR_IPHONE_IPAD = NO;
				SUPPORTS_XR_DESIGNED_FOR_IPHONE_IPAD = NO;
				SWIFT_EMIT_LOC_STRINGS = YES;
				SWIFT_VERSION = 5.0;
				TARGETED_DEVICE_FAMILY = 1;
			};
			name = Release;
		};
/* End XCBuildConfiguration section */

/* Begin XCConfigurationList section */
		EAE416E22C971E1800220993 /* Build configuration list for PBXProject "Sacrena-Task" */ = {
			isa = XCConfigurationList;
			buildConfigurations = (
				EAE416F92C971E1900220993 /* Debug */,
				EAE416FA2C971E1900220993 /* Release */,
			);
			defaultConfigurationIsVisible = 0;
			defaultConfigurationName = Release;
		};
		EAE416FB2C971E1900220993 /* Build configuration list for PBXNativeTarget "Sacrena-Task" */ = {
			isa = XCConfigurationList;
			buildConfigurations = (
				EAE416FC2C971E1900220993 /* Debug */,
				EAE416FD2C971E1900220993 /* Release */,
			);
			defaultConfigurationIsVisible = 0;
			defaultConfigurationName = Release;
		};
/* End XCConfigurationList section */

/* Begin XCRemoteSwiftPackageReference section */
		EAE4171E2C97399300220993 /* XCRemoteSwiftPackageReference "SDWebImage" */ = {
			isa = XCRemoteSwiftPackageReference;
			repositoryURL = "https://github.com/SDWebImage/SDWebImage.git";
			requirement = {
				kind = upToNextMajorVersion;
				minimumVersion = 5.19.7;
			};
		};
/* End XCRemoteSwiftPackageReference section */

/* Begin XCSwiftPackageProductDependency section */
		EAE4171F2C97399300220993 /* SDWebImage */ = {
			isa = XCSwiftPackageProductDependency;
			package = EAE4171E2C97399300220993 /* XCRemoteSwiftPackageReference "SDWebImage" */;
			productName = SDWebImage;
		};
		EAE417212C97399300220993 /* SDWebImageMapKit */ = {
			isa = XCSwiftPackageProductDependency;
			package = EAE4171E2C97399300220993 /* XCRemoteSwiftPackageReference "SDWebImage" */;
			productName = SDWebImageMapKit;
		};
/* End XCSwiftPackageProductDependency section */
	};
	rootObject = EAE416DF2C971E1800220993 /* Project object */;
}
